
Microsoft Visual Studio Solution File, Format Version 12.00
# Visual Studio Version 17
VisualStudioVersion = 17.6.33723.286
MinimumVisualStudioVersion = 10.0.40219.1
Project("{9A19103F-16F7-4668-BE54-9A1E7A4F7556}") = "Biblioteka", "Biblioteka.csproj", "{B2C73C8E-191A-4337-9DB2-50E85FE76313}"
EndProject
Global
	GlobalSection(SolutionConfigurationPlatforms) = preSolution
		Debug|Any CPU = Debug|Any CPU
		Release|Any CPU = Release|Any CPU
	EndGlobalSection
	GlobalSection(ProjectConfigurationPlatforms) = postSolution
		{B2C73C8E-191A-4337-9DB2-50E85FE76313}.Debug|Any CPU.ActiveCfg = Debug|Any CPU
		{B2C73C8E-191A-4337-9DB2-50E85FE76313}.Debug|Any CPU.Build.0 = Debug|Any CPU
		{B2C73C8E-191A-4337-9DB2-50E85FE76313}.Release|Any CPU.ActiveCfg = Release|Any CPU
		{B2C73C8E-191A-4337-9DB2-50E85FE76313}.Release|Any CPU.Build.0 = Release|Any CPU
	EndGlobalSection
	GlobalSection(SolutionProperties) = preSolution
		HideSolutionNode = FALSE
	EndGlobalSection
	GlobalSection(ExtensibilityGlobals) = postSolution
		SolutionGuid = {3235A0E3-4707-4C1A-9AEE-5A81FA6E4846}
	EndGlobalSection
EndGlobal
